
Microsoft Visual Studio Solution File, Format Version 12.00
# Visual Studio Version 16
VisualStudioVersion = 16.0.31702.278
MinimumVisualStudioVersion = 10.0.40219.1
Project("{FAE04EC0-301F-11D3-BF4B-00C04F79EFBC}") = "aplicacionFacturas", "aplicacionFacturas\aplicacionFacturas.csproj", "{965D8BC4-4106-421E-83E1-C11FA2C0AA05}"
EndProject
Global
	GlobalSection(SolutionConfigurationPlatforms) = preSolution
		Debug|Any CPU = Debug|Any CPU
		Release|Any CPU = Release|Any CPU
	EndGlobalSection
	GlobalSection(ProjectConfigurationPlatforms) = postSolution
		{965D8BC4-4106-421E-83E1-C11FA2C0AA05}.Debug|Any CPU.ActiveCfg = Debug|Any CPU
		{965D8BC4-4106-421E-83E1-C11FA2C0AA05}.Debug|Any CPU.Build.0 = Debug|Any CPU
		{965D8BC4-4106-421E-83E1-C11FA2C0AA05}.Release|Any CPU.ActiveCfg = Release|Any CPU
		{965D8BC4-4106-421E-83E1-C11FA2C0AA05}.Release|Any CPU.Build.0 = Release|Any CPU
	EndGlobalSection
	GlobalSection(SolutionProperties) = preSolution
		HideSolutionNode = FALSE
	EndGlobalSection
	GlobalSection(ExtensibilityGlobals) = postSolution
		SolutionGuid = {911E28CF-1FC8-443E-B3BA-7993CD0F7645}
	EndGlobalSection
EndGlobal
